<?xml version="1.0" encoding="utf-8"?>
<Project ToolsVersion="4.0" xmlns="http://schemas.microsoft.com/developer/msbuild/2003">
  <ItemGroup>
    <Filter Include="win32">
      <UniqueIdentifier>{84a8ebd7-7cf0-47f6-b75e-d441df67da40}</UniqueIdentifier>
    </Filter>
    <Filter Include="Classes">
      <UniqueIdentifier>{bb6c862e-70e9-49d9-81b7-3829a6f50471}</UniqueIdentifier>
    </Filter>
    <Filter Include="Classes\file">
      <UniqueIdentifier>{827c166e-8c4c-4451-a395-e6b3886326e4}</UniqueIdentifier>
    </Filter>
    <Filter Include="Classes\tools">
      <UniqueIdentifier>{8d6c32b0-6383-4c2e-b697-244c398e4917}</UniqueIdentifier>
    </Filter>
    <Filter Include="Classes\sqlite">
      <UniqueIdentifier>{2ffdfeb0-d678-45f2-b110-6f96e047adf2}</UniqueIdentifier>
    </Filter>
    <Filter Include="Classes\Entity">
      <UniqueIdentifier>{377dafb3-c67c-4e94-ab81-ed51e79ff77b}</UniqueIdentifier>
    </Filter>
    <Filter Include="Classes\action">
      <UniqueIdentifier>{5d72d496-4157-4d38-b593-e5bff2d1b572}</UniqueIdentifier>
    </Filter>
    <Filter Include="Classes\xml">
      <UniqueIdentifier>{f77a3712-ca30-46e8-a426-003a62a677e9}</UniqueIdentifier>
    </Filter>
  </ItemGroup>
  <ItemGroup>
    <ClCompile Include="main.cpp">
      <Filter>win32</Filter>
    </ClCompile>
    <ClCompile Include="..\Classes\AppDelegate.cpp">
      <Filter>Classes</Filter>
    </ClCompile>
    <ClCompile Include="..\Classes\HclcData.cpp">
      <Filter>Classes</Filter>
    </ClCompile>
    <ClCompile Include="..\Classes\Splash.cpp">
      <Filter>Classes</Filter>
    </ClCompile>
    <ClCompile Include="..\Classes\tinystr.cpp">
      <Filter>Classes</Filter>
    </ClCompile>
    <ClCompile Include="..\Classes\tinyxml.cpp">
      <Filter>Classes</Filter>
    </ClCompile>
    <ClCompile Include="..\Classes\tinyxmlerror.cpp">
      <Filter>Classes</Filter>
    </ClCompile>
    <ClCompile Include="..\Classes\tinyxmlparser.cpp">
      <Filter>Classes</Filter>
    </ClCompile>
    <ClCompile Include="..\Classes\UTF8ToGBK.cpp">
      <Filter>Classes</Filter>
    </ClCompile>
    <ClCompile Include="..\Classes\WallScene.cpp">
      <Filter>Classes</Filter>
    </ClCompile>
    <ClCompile Include="..\Classes\HanziManage.cpp">
      <Filter>Classes</Filter>
    </ClCompile>
    <ClCompile Include="..\Classes\Bujian.cpp">
      <Filter>Classes</Filter>
    </ClCompile>
    <ClCompile Include="..\Classes\Character.cpp">
      <Filter>Classes</Filter>
    </ClCompile>
    <ClCompile Include="..\Classes\Stroke.cpp">
      <Filter>Classes</Filter>
    </ClCompile>
    <ClCompile Include="..\Classes\ReadXML.cpp">
      <Filter>Classes</Filter>
    </ClCompile>
    <ClCompile Include="..\Classes\PopLayer.cpp">
      <Filter>Classes</Filter>
    </ClCompile>
    <ClCompile Include="..\Classes\file\TDInvFileUtils.cpp">
      <Filter>Classes\file</Filter>
    </ClCompile>
    <ClCompile Include="..\Classes\tools\DataTool.cpp">
      <Filter>Classes\tools</Filter>
    </ClCompile>
    <ClCompile Include="..\Classes\StrokeNode.cpp">
      <Filter>Classes</Filter>
    </ClCompile>
    <ClCompile Include="..\Classes\LuaScriptReader.cpp">
      <Filter>Classes</Filter>
    </ClCompile>
    <ClCompile Include="..\Classes\TcharacterLayer.cpp">
      <Filter>Classes</Filter>
    </ClCompile>
    <ClCompile Include="..\Classes\TouchLayer.cpp">
      <Filter>Classes</Filter>
    </ClCompile>
    <ClCompile Include="..\Classes\LianxiScene.cpp">
      <Filter>Classes</Filter>
    </ClCompile>
    <ClCompile Include="..\Classes\BackgroundLayer.cpp">
      <Filter>Classes</Filter>
    </ClCompile>
    <ClCompile Include="..\Classes\HcharacterLayer.cpp">
      <Filter>Classes</Filter>
    </ClCompile>
    <ClCompile Include="..\Classes\StrokeDrawnode.cpp">
      <Filter>Classes</Filter>
    </ClCompile>
    <ClCompile Include="..\Classes\TcharacterDrawnode.cpp">
      <Filter>Classes</Filter>
    </ClCompile>
    <ClCompile Include="..\Classes\HcharacterDrawnode.cpp">
      <Filter>Classes</Filter>
    </ClCompile>
    <ClCompile Include="..\Classes\JudgeManager.cpp">
      <Filter>Classes</Filter>
    </ClCompile>
    <ClCompile Include="..\Classes\SqliteHelper.cpp">
      <Filter>Classes\sqlite</Filter>
    </ClCompile>
    <ClCompile Include="..\Classes\CharacterEntity.cpp">
      <Filter>Classes\Entity</Filter>
    </ClCompile>
    <ClCompile Include="..\Classes\MoveToRightPlace.cpp">
      <Filter>Classes\action</Filter>
    </ClCompile>
    <ClCompile Include="..\Classes\TagData.cpp">
      <Filter>Classes\Entity</Filter>
    </ClCompile>
    <ClCompile Include="..\Classes\MoveToRightPlaceInterval.cpp">
      <Filter>Classes\action</Filter>
    </ClCompile>
    <ClCompile Include="..\Classes\tinyxml2.cpp">
      <Filter>Classes\xml</Filter>
    </ClCompile>
    <ClCompile Include="..\Classes\RightZiAnimationAction.cpp">
      <Filter>Classes\action</Filter>
    </ClCompile>
    <ClCompile Include="..\Classes\SQLiteData.cpp">
      <Filter>Classes\sqlite</Filter>
    </ClCompile>
    <ClCompile Include="..\Classes\strokeFunc.cpp">
      <Filter>Classes\Entity</Filter>
    </ClCompile>
    <ClCompile Include="..\Classes\MainScene.cpp">
      <Filter>Classes</Filter>
    </ClCompile>
  </ItemGroup>
  <ItemGroup>
    <ClInclude Include="main.h">
      <Filter>win32</Filter>
    </ClInclude>
    <ClInclude Include="..\Classes\AppDelegate.h">
      <Filter>Classes</Filter>
    </ClInclude>
    <ClInclude Include="..\Classes\HclcData.h">
      <Filter>Classes</Filter>
    </ClInclude>
    <ClInclude Include="resource.h" />
    <ClInclude Include="..\Classes\Splash.h">
      <Filter>Classes</Filter>
    </ClInclude>
    <ClInclude Include="..\Classes\tinystr.h">
      <Filter>Classes</Filter>
    </ClInclude>
    <ClInclude Include="..\Classes\tinyxml.h">
      <Filter>Classes</Filter>
    </ClInclude>
    <ClInclude Include="..\Classes\UTF8ToGBK.h">
      <Filter>Classes</Filter>
    </ClInclude>
    <ClInclude Include="..\Classes\WallScene.h">
      <Filter>Classes</Filter>
    </ClInclude>
    <ClInclude Include="..\Classes\HanziManage.h">
      <Filter>Classes</Filter>
    </ClInclude>
    <ClInclude Include="..\Classes\Bujian.h">
      <Filter>Classes</Filter>
    </ClInclude>
    <ClInclude Include="..\Classes\Character.h">
      <Filter>Classes</Filter>
    </ClInclude>
    <ClInclude Include="..\Classes\Stroke.h">
      <Filter>Classes</Filter>
    </ClInclude>
    <ClInclude Include="..\Classes\ReadXML.h">
      <Filter>Classes</Filter>
    </ClInclude>
    <ClInclude Include="..\Classes\PopLayer.h">
      <Filter>Classes</Filter>
    </ClInclude>
    <ClInclude Include="..\Classes\file\TDInvFileUtils.h">
      <Filter>Classes\file</Filter>
    </ClInclude>
    <ClInclude Include="..\Classes\tools\DataTool.h">
      <Filter>Classes\tools</Filter>
    </ClInclude>
    <ClInclude Include="..\Classes\StrokeNode.h">
      <Filter>Classes</Filter>
    </ClInclude>
    <ClInclude Include="..\Classes\LuaScriptReader.h">
      <Filter>Classes</Filter>
    </ClInclude>
    <ClInclude Include="..\Classes\TcharacterLayer.h">
      <Filter>Classes</Filter>
    </ClInclude>
    <ClInclude Include="..\Classes\TouchLayer.h">
      <Filter>Classes</Filter>
    </ClInclude>
    <ClInclude Include="..\Classes\LianxiScene.h">
      <Filter>Classes</Filter>
    </ClInclude>
    <ClInclude Include="..\Classes\BackgroundLayer.h">
      <Filter>Classes</Filter>
    </ClInclude>
    <ClInclude Include="..\Classes\HcharacterLayer.h">
      <Filter>Classes</Filter>
    </ClInclude>
    <ClInclude Include="..\Classes\StrokeDrawnode.h">
      <Filter>Classes</Filter>
    </ClInclude>
    <ClInclude Include="..\Classes\TcharacterDrawnode.h">
      <Filter>Classes</Filter>
    </ClInclude>
    <ClInclude Include="..\Classes\HcharacterDrawnode.h">
      <Filter>Classes</Filter>
    </ClInclude>
    <ClInclude Include="..\Classes\JudgeManager.h">
      <Filter>Classes</Filter>
    </ClInclude>
    <ClInclude Include="..\Classes\SqliteHelper.h">
      <Filter>Classes\sqlite</Filter>
    </ClInclude>
    <ClInclude Include="..\Classes\CharacterEntity.h">
      <Filter>Classes\Entity</Filter>
    </ClInclude>
    <ClInclude Include="..\Classes\MoveToRightPlace.h">
      <Filter>Classes\action</Filter>
    </ClInclude>
    <ClInclude Include="..\Classes\TagData.h">
      <Filter>Classes\Entity</Filter>
    </ClInclude>
    <ClInclude Include="..\Classes\MoveToRightPlaceInterval.h">
      <Filter>Classes\action</Filter>
    </ClInclude>
    <ClInclude Include="..\Classes\tinyxml2.h">
      <Filter>Classes\xml</Filter>
    </ClInclude>
    <ClInclude Include="..\Classes\RightZiAnimationAction.h">
      <Filter>Classes\action</Filter>
    </ClInclude>
    <ClInclude Include="..\Classes\SQLiteData.h">
      <Filter>Classes\sqlite</Filter>
    </ClInclude>
    <ClInclude Include="..\Classes\strokeFunc.h">
      <Filter>Classes\Entity</Filter>
    </ClInclude>
    <ClInclude Include="..\Classes\MainScene.h">
      <Filter>Classes</Filter>
    </ClInclude>
  </ItemGroup>
  <ItemGroup>
    <ResourceCompile Include="Test_py.rc" />
  </ItemGroup>
</Project>